{"filter":false,"title":"Gemfile.lock","tooltip":"/tasklist/Gemfile.lock","undoManager":{"mark":-1,"position":-1,"stack":[]},"ace":{"folds":[],"scrolltop":2664.5,"scrollleft":0,"selection":{"start":{"row":0,"column":0},"end":{"row":0,"column":0},"isBackwards":false},"options":{"guessTabSize":true,"useWrapMode":false,"wrapToView":true},"firstLineState":{"row":165,"state":"start","mode":"ace/mode/text"}},"timestamp":1549272215389,"hash":"cbcfb1c41a8b6bd99800792c9d7d54ab0ec73cf6"}